
Microsoft Visual Studio Solution File, Format Version 12.00
# Visual Studio Version 17
VisualStudioVersion = 17.7.34018.315
MinimumVisualStudioVersion = 10.0.40219.1
Project("{FAE04EC0-301F-11D3-BF4B-00C04F79EFBC}") = "CadastroBanco", "CadastroBanco\CadastroBanco.csproj", "{A149CDED-24EE-4E5D-9705-A45C1EE14A45}"
EndProject
Global
	GlobalSection(SolutionConfigurationPlatforms) = preSolution
		Debug|Any CPU = Debug|Any CPU
		Release|Any CPU = Release|Any CPU
	EndGlobalSection
	GlobalSection(ProjectConfigurationPlatforms) = postSolution
		{A149CDED-24EE-4E5D-9705-A45C1EE14A45}.Debug|Any CPU.ActiveCfg = Debug|Any CPU
		{A149CDED-24EE-4E5D-9705-A45C1EE14A45}.Debug|Any CPU.Build.0 = Debug|Any CPU
		{A149CDED-24EE-4E5D-9705-A45C1EE14A45}.Release|Any CPU.ActiveCfg = Release|Any CPU
		{A149CDED-24EE-4E5D-9705-A45C1EE14A45}.Release|Any CPU.Build.0 = Release|Any CPU
	EndGlobalSection
	GlobalSection(SolutionProperties) = preSolution
		HideSolutionNode = FALSE
	EndGlobalSection
	GlobalSection(ExtensibilityGlobals) = postSolution
		SolutionGuid = {3BCC8302-EA9D-43C2-885A-60807D92AE1B}
	EndGlobalSection
EndGlobal
