
Microsoft Visual Studio Solution File, Format Version 12.00
# Visual Studio Version 17
VisualStudioVersion = 17.7.34018.315
MinimumVisualStudioVersion = 10.0.40219.1
Project("{FAE04EC0-301F-11D3-BF4B-00C04F79EFBC}") = "ExFixacao1", "ExFixacao1\ExFixacao1.csproj", "{A445E751-385B-4D52-A014-32E26D1ED91E}"
EndProject
Global
	GlobalSection(SolutionConfigurationPlatforms) = preSolution
		Debug|Any CPU = Debug|Any CPU
		Release|Any CPU = Release|Any CPU
	EndGlobalSection
	GlobalSection(ProjectConfigurationPlatforms) = postSolution
		{A445E751-385B-4D52-A014-32E26D1ED91E}.Debug|Any CPU.ActiveCfg = Debug|Any CPU
		{A445E751-385B-4D52-A014-32E26D1ED91E}.Debug|Any CPU.Build.0 = Debug|Any CPU
		{A445E751-385B-4D52-A014-32E26D1ED91E}.Release|Any CPU.ActiveCfg = Release|Any CPU
		{A445E751-385B-4D52-A014-32E26D1ED91E}.Release|Any CPU.Build.0 = Release|Any CPU
	EndGlobalSection
	GlobalSection(SolutionProperties) = preSolution
		HideSolutionNode = FALSE
	EndGlobalSection
	GlobalSection(ExtensibilityGlobals) = postSolution
		SolutionGuid = {3AB4038B-1A69-4316-A8D6-FFEC771B244F}
	EndGlobalSection
EndGlobal
